
Microsoft Visual Studio Solution File, Format Version 12.00
# Visual Studio Version 16
VisualStudioVersion = 16.0.32413.511
MinimumVisualStudioVersion = 10.0.40219.1
Project("{8BC9CEB8-8B4A-11D0-8D11-00A0C91BC942}") = "Project2", "Project2\Project2.vcxproj", "{3B46146F-DC3C-41D4-8DD0-F63C453560BC}"
EndProject
Global
	GlobalSection(SolutionConfigurationPlatforms) = preSolution
		Debug|x64 = Debug|x64
		Debug|x86 = Debug|x86
		Release|x64 = Release|x64
		Release|x86 = Release|x86
	EndGlobalSection
	GlobalSection(ProjectConfigurationPlatforms) = postSolution
		{3B46146F-DC3C-41D4-8DD0-F63C453560BC}.Debug|x64.ActiveCfg = Debug|x64
		{3B46146F-DC3C-41D4-8DD0-F63C453560BC}.Debug|x64.Build.0 = Debug|x64
		{3B46146F-DC3C-41D4-8DD0-F63C453560BC}.Debug|x86.ActiveCfg = Debug|Win32
		{3B46146F-DC3C-41D4-8DD0-F63C453560BC}.Debug|x86.Build.0 = Debug|Win32
		{3B46146F-DC3C-41D4-8DD0-F63C453560BC}.Release|x64.ActiveCfg = Release|x64
		{3B46146F-DC3C-41D4-8DD0-F63C453560BC}.Release|x64.Build.0 = Release|x64
		{3B46146F-DC3C-41D4-8DD0-F63C453560BC}.Release|x86.ActiveCfg = Release|Win32
		{3B46146F-DC3C-41D4-8DD0-F63C453560BC}.Release|x86.Build.0 = Release|Win32
	EndGlobalSection
	GlobalSection(SolutionProperties) = preSolution
		HideSolutionNode = FALSE
	EndGlobalSection
	GlobalSection(ExtensibilityGlobals) = postSolution
		SolutionGuid = {3666CE7D-2A21-496A-A609-CF352EA9BCB8}
	EndGlobalSection
EndGlobal
